
Microsoft Visual Studio Solution File, Format Version 12.00
Project("{FAE04EC0-301F-11D3-BF4B-00C04F79EFBC}") = "Library.Domain", "Library.Domain\Library.Domain.csproj", "{8A2D1231-3436-4D62-B7F3-4AF640EA9E87}"
EndProject
Project("{FAE04EC0-301F-11D3-BF4B-00C04F79EFBC}") = "Library.Tests", "Library.Tests\Library.Tests.csproj", "{955CC4A6-BDFC-4AB0-AD4E-0780E8043CA7}"
EndProject
Project("{FAE04EC0-301F-11D3-BF4B-00C04F79EFBC}") = "Library.MVC", "Library.MVC\Library.MVC.csproj", "{7D1A061C-0A4A-4BA8-A6B7-1289395EFB89}"
EndProject
Global
	GlobalSection(SolutionConfigurationPlatforms) = preSolution
		Debug|Any CPU = Debug|Any CPU
		Release|Any CPU = Release|Any CPU
	EndGlobalSection
	GlobalSection(ProjectConfigurationPlatforms) = postSolution
		{8A2D1231-3436-4D62-B7F3-4AF640EA9E87}.Debug|Any CPU.ActiveCfg = Debug|Any CPU
		{8A2D1231-3436-4D62-B7F3-4AF640EA9E87}.Debug|Any CPU.Build.0 = Debug|Any CPU
		{8A2D1231-3436-4D62-B7F3-4AF640EA9E87}.Release|Any CPU.ActiveCfg = Release|Any CPU
		{8A2D1231-3436-4D62-B7F3-4AF640EA9E87}.Release|Any CPU.Build.0 = Release|Any CPU
		{955CC4A6-BDFC-4AB0-AD4E-0780E8043CA7}.Debug|Any CPU.ActiveCfg = Debug|Any CPU
		{955CC4A6-BDFC-4AB0-AD4E-0780E8043CA7}.Debug|Any CPU.Build.0 = Debug|Any CPU
		{955CC4A6-BDFC-4AB0-AD4E-0780E8043CA7}.Release|Any CPU.ActiveCfg = Release|Any CPU
		{955CC4A6-BDFC-4AB0-AD4E-0780E8043CA7}.Release|Any CPU.Build.0 = Release|Any CPU
		{7D1A061C-0A4A-4BA8-A6B7-1289395EFB89}.Debug|Any CPU.ActiveCfg = Debug|Any CPU
		{7D1A061C-0A4A-4BA8-A6B7-1289395EFB89}.Debug|Any CPU.Build.0 = Debug|Any CPU
		{7D1A061C-0A4A-4BA8-A6B7-1289395EFB89}.Release|Any CPU.ActiveCfg = Release|Any CPU
		{7D1A061C-0A4A-4BA8-A6B7-1289395EFB89}.Release|Any CPU.Build.0 = Release|Any CPU
	EndGlobalSection
EndGlobal
