
Microsoft Visual Studio Solution File, Format Version 12.00
Project("{FAE04EC0-301F-11D3-BF4B-00C04F79EFBC}") = "Library.MVC", "Library.MVC\Library.MVC.csproj", "{D5101FD3-71FF-44E7-BA94-1AA3F212B86B}"
EndProject
Project("{FAE04EC0-301F-11D3-BF4B-00C04F79EFBC}") = "Library.Domain", "Library.Domain\Library.Domain.csproj", "{8A2D1231-3436-4D62-B7F3-4AF640EA9E87}"
EndProject
Project("{FAE04EC0-301F-11D3-BF4B-00C04F79EFBC}") = "Library.Tests", "Library.Tests\Library.Tests.csproj", "{955CC4A6-BDFC-4AB0-AD4E-0780E8043CA7}"
EndProject
Global
	GlobalSection(SolutionConfigurationPlatforms) = preSolution
		Debug|Any CPU = Debug|Any CPU
		Release|Any CPU = Release|Any CPU
	EndGlobalSection
	GlobalSection(ProjectConfigurationPlatforms) = postSolution
		{D5101FD3-71FF-44E7-BA94-1AA3F212B86B}.Debug|Any CPU.ActiveCfg = Debug|Any CPU
		{D5101FD3-71FF-44E7-BA94-1AA3F212B86B}.Debug|Any CPU.Build.0 = Debug|Any CPU
		{D5101FD3-71FF-44E7-BA94-1AA3F212B86B}.Release|Any CPU.ActiveCfg = Release|Any CPU
		{D5101FD3-71FF-44E7-BA94-1AA3F212B86B}.Release|Any CPU.Build.0 = Release|Any CPU
		{8A2D1231-3436-4D62-B7F3-4AF640EA9E87}.Debug|Any CPU.ActiveCfg = Debug|Any CPU
		{8A2D1231-3436-4D62-B7F3-4AF640EA9E87}.Debug|Any CPU.Build.0 = Debug|Any CPU
		{8A2D1231-3436-4D62-B7F3-4AF640EA9E87}.Release|Any CPU.ActiveCfg = Release|Any CPU
		{8A2D1231-3436-4D62-B7F3-4AF640EA9E87}.Release|Any CPU.Build.0 = Release|Any CPU
		{955CC4A6-BDFC-4AB0-AD4E-0780E8043CA7}.Debug|Any CPU.ActiveCfg = Debug|Any CPU
		{955CC4A6-BDFC-4AB0-AD4E-0780E8043CA7}.Debug|Any CPU.Build.0 = Debug|Any CPU
		{955CC4A6-BDFC-4AB0-AD4E-0780E8043CA7}.Release|Any CPU.ActiveCfg = Release|Any CPU
		{955CC4A6-BDFC-4AB0-AD4E-0780E8043CA7}.Release|Any CPU.Build.0 = Release|Any CPU
	EndGlobalSection
EndGlobal
